{
  "name": "project1",
  "version": "1.0.0",
  "lockfileVersion": 1,
  "requires": true,
  "dependencies": {
    "@artem_062/front": {
      "version": "1.0.0",
      "resolved": "https://registry.npmjs.org/@artem_062/front/-/front-1.0.0.tgz",
      "integrity": "sha512-I8wfGh0wvVyQEBxO6Bif76gIJRnocvtpU8lOeseFh+ym8n/Y+w+Qr5/+OYxrcEGxUXYT/3Xsyt/HUWVRjI85ag=="
    }
  }
}
